
Microsoft Visual Studio Solution File, Format Version 12.00
# Visual Studio 15
VisualStudioVersion = 15.0.26430.16
MinimumVisualStudioVersion = 10.0.40219.1
Project("{FAE04EC0-301F-11D3-BF4B-00C04F79EFBC}") = "Prosper", "Prosper\Prosper.csproj", "{33AE7D52-77E7-48C5-A610-9DDB703CA2E9}"
EndProject
Project("{FAE04EC0-301F-11D3-BF4B-00C04F79EFBC}") = "Prosper.Library", "Prosper.Library\Prosper.Library.csproj", "{A56D1BCD-9572-429E-A09C-F07D1CAA50D0}"
EndProject
Project("{FAE04EC0-301F-11D3-BF4B-00C04F79EFBC}") = "Prosper.Core", "Prosper.Core\Prosper.Core.csproj", "{907323AA-1BD8-4614-8F9A-B2C26BC1FBA3}"
EndProject
Project("{FAE04EC0-301F-11D3-BF4B-00C04F79EFBC}") = "Prosper.BaseGame", "Prosper.BaseScene\Prosper.BaseGame.csproj", "{1BC9B441-A443-4E18-8D68-243780B8DB6F}"
EndProject
Project("{2150E333-8FDC-42A3-9474-1A3956D46DE8}") = "Tests", "Tests", "{82FCE190-25E3-4B57-99D1-831E8C2987D0}"
EndProject
Project("{FAE04EC0-301F-11D3-BF4B-00C04F79EFBC}") = "Prosper.Core.Tests", "Prosper.Core.Tests\Prosper.Core.Tests.csproj", "{85E3F2F7-3619-452A-B932-141C2A996915}"
EndProject
Project("{FAE04EC0-301F-11D3-BF4B-00C04F79EFBC}") = "Prosper.ContentPipeline", "Prosper.ContentPipeline\Prosper.ContentPipeline.csproj", "{782A7E65-A21D-4CDB-BD51-882F50629F0E}"
EndProject
Project("{FAE04EC0-301F-11D3-BF4B-00C04F79EFBC}") = "Prosper.ContentPipeline.Tests", "Prosper.ContentPipeline.Tests\Prosper.ContentPipeline.Tests.csproj", "{ED5F81B0-F256-40DD-902C-24BFB885450D}"
EndProject
Project("{2150E333-8FDC-42A3-9474-1A3956D46DE8}") = "Common", "Common", "{FECA90F9-1328-4B0F-A4EB-5DC916F55583}"
EndProject
Project("{9A19103F-16F7-4668-BE54-9A1E7A4F7556}") = "Prosper.ECS", "ECS\Prosper.ECS.csproj", "{1EB101B4-455C-4C40-9A47-1FCBF3580048}"
EndProject
Project("{9A19103F-16F7-4668-BE54-9A1E7A4F7556}") = "Prosper.ECS.Tests", "ECS.Tests\Prosper.ECS.Tests.csproj", "{06AF949C-498A-406F-B87E-60AA5264026E}"
EndProject
Project("{2150E333-8FDC-42A3-9474-1A3956D46DE8}") = "Rendering", "Rendering", "{3A41312C-3E7B-4F64-B7F0-270307336989}"
EndProject
Project("{9A19103F-16F7-4668-BE54-9A1E7A4F7556}") = "Prosper.Rendering", "Prosper.Rendering.RenderPipeLine\Prosper.Rendering.csproj", "{6538063A-310D-487C-A4F1-1838794B7D33}"
EndProject
Global
	GlobalSection(SolutionConfigurationPlatforms) = preSolution
		Debug|Any CPU = Debug|Any CPU
		Release|Any CPU = Release|Any CPU
	EndGlobalSection
	GlobalSection(ProjectConfigurationPlatforms) = postSolution
		{33AE7D52-77E7-48C5-A610-9DDB703CA2E9}.Debug|Any CPU.ActiveCfg = Debug|Any CPU
		{33AE7D52-77E7-48C5-A610-9DDB703CA2E9}.Debug|Any CPU.Build.0 = Debug|Any CPU
		{33AE7D52-77E7-48C5-A610-9DDB703CA2E9}.Release|Any CPU.ActiveCfg = Release|Any CPU
		{33AE7D52-77E7-48C5-A610-9DDB703CA2E9}.Release|Any CPU.Build.0 = Release|Any CPU
		{A56D1BCD-9572-429E-A09C-F07D1CAA50D0}.Debug|Any CPU.ActiveCfg = Debug|Any CPU
		{A56D1BCD-9572-429E-A09C-F07D1CAA50D0}.Debug|Any CPU.Build.0 = Debug|Any CPU
		{A56D1BCD-9572-429E-A09C-F07D1CAA50D0}.Release|Any CPU.ActiveCfg = Release|Any CPU
		{A56D1BCD-9572-429E-A09C-F07D1CAA50D0}.Release|Any CPU.Build.0 = Release|Any CPU
		{907323AA-1BD8-4614-8F9A-B2C26BC1FBA3}.Debug|Any CPU.ActiveCfg = Debug|Any CPU
		{907323AA-1BD8-4614-8F9A-B2C26BC1FBA3}.Debug|Any CPU.Build.0 = Debug|Any CPU
		{907323AA-1BD8-4614-8F9A-B2C26BC1FBA3}.Release|Any CPU.ActiveCfg = Release|Any CPU
		{907323AA-1BD8-4614-8F9A-B2C26BC1FBA3}.Release|Any CPU.Build.0 = Release|Any CPU
		{1BC9B441-A443-4E18-8D68-243780B8DB6F}.Debug|Any CPU.ActiveCfg = Debug|Any CPU
		{1BC9B441-A443-4E18-8D68-243780B8DB6F}.Debug|Any CPU.Build.0 = Debug|Any CPU
		{1BC9B441-A443-4E18-8D68-243780B8DB6F}.Release|Any CPU.ActiveCfg = Release|Any CPU
		{1BC9B441-A443-4E18-8D68-243780B8DB6F}.Release|Any CPU.Build.0 = Release|Any CPU
		{85E3F2F7-3619-452A-B932-141C2A996915}.Debug|Any CPU.ActiveCfg = Debug|Any CPU
		{85E3F2F7-3619-452A-B932-141C2A996915}.Debug|Any CPU.Build.0 = Debug|Any CPU
		{85E3F2F7-3619-452A-B932-141C2A996915}.Release|Any CPU.ActiveCfg = Release|Any CPU
		{85E3F2F7-3619-452A-B932-141C2A996915}.Release|Any CPU.Build.0 = Release|Any CPU
		{782A7E65-A21D-4CDB-BD51-882F50629F0E}.Debug|Any CPU.ActiveCfg = Debug|Any CPU
		{782A7E65-A21D-4CDB-BD51-882F50629F0E}.Debug|Any CPU.Build.0 = Debug|Any CPU
		{782A7E65-A21D-4CDB-BD51-882F50629F0E}.Release|Any CPU.ActiveCfg = Release|Any CPU
		{782A7E65-A21D-4CDB-BD51-882F50629F0E}.Release|Any CPU.Build.0 = Release|Any CPU
		{ED5F81B0-F256-40DD-902C-24BFB885450D}.Debug|Any CPU.ActiveCfg = Debug|Any CPU
		{ED5F81B0-F256-40DD-902C-24BFB885450D}.Debug|Any CPU.Build.0 = Debug|Any CPU
		{ED5F81B0-F256-40DD-902C-24BFB885450D}.Release|Any CPU.ActiveCfg = Release|Any CPU
		{ED5F81B0-F256-40DD-902C-24BFB885450D}.Release|Any CPU.Build.0 = Release|Any CPU
		{1EB101B4-455C-4C40-9A47-1FCBF3580048}.Debug|Any CPU.ActiveCfg = Debug|Any CPU
		{1EB101B4-455C-4C40-9A47-1FCBF3580048}.Debug|Any CPU.Build.0 = Debug|Any CPU
		{1EB101B4-455C-4C40-9A47-1FCBF3580048}.Release|Any CPU.ActiveCfg = Release|Any CPU
		{1EB101B4-455C-4C40-9A47-1FCBF3580048}.Release|Any CPU.Build.0 = Release|Any CPU
		{06AF949C-498A-406F-B87E-60AA5264026E}.Debug|Any CPU.ActiveCfg = Debug|Any CPU
		{06AF949C-498A-406F-B87E-60AA5264026E}.Debug|Any CPU.Build.0 = Debug|Any CPU
		{06AF949C-498A-406F-B87E-60AA5264026E}.Release|Any CPU.ActiveCfg = Release|Any CPU
		{06AF949C-498A-406F-B87E-60AA5264026E}.Release|Any CPU.Build.0 = Release|Any CPU
		{6538063A-310D-487C-A4F1-1838794B7D33}.Debug|Any CPU.ActiveCfg = Debug|Any CPU
		{6538063A-310D-487C-A4F1-1838794B7D33}.Debug|Any CPU.Build.0 = Debug|Any CPU
		{6538063A-310D-487C-A4F1-1838794B7D33}.Release|Any CPU.ActiveCfg = Release|Any CPU
		{6538063A-310D-487C-A4F1-1838794B7D33}.Release|Any CPU.Build.0 = Release|Any CPU
	EndGlobalSection
	GlobalSection(SolutionProperties) = preSolution
		HideSolutionNode = FALSE
	EndGlobalSection
	GlobalSection(NestedProjects) = preSolution
		{85E3F2F7-3619-452A-B932-141C2A996915} = {82FCE190-25E3-4B57-99D1-831E8C2987D0}
		{ED5F81B0-F256-40DD-902C-24BFB885450D} = {82FCE190-25E3-4B57-99D1-831E8C2987D0}
		{1EB101B4-455C-4C40-9A47-1FCBF3580048} = {FECA90F9-1328-4B0F-A4EB-5DC916F55583}
		{06AF949C-498A-406F-B87E-60AA5264026E} = {FECA90F9-1328-4B0F-A4EB-5DC916F55583}
		{6538063A-310D-487C-A4F1-1838794B7D33} = {3A41312C-3E7B-4F64-B7F0-270307336989}
	EndGlobalSection
	GlobalSection(ExtensibilityGlobals) = postSolution
		SolutionGuid = {FFCBA25C-88E5-4245-9D18-10EE5107C1B9}
	EndGlobalSection
EndGlobal
